
Microsoft Visual Studio Solution File, Format Version 12.00
# Visual Studio Version 17
VisualStudioVersion = 17.13.35931.197 d17.13
MinimumVisualStudioVersion = 10.0.40219.1
Project("{FAE04EC0-301F-11D3-BF4B-00C04F79EFBC}") = "Demo02A", "Demo02A\Demo02A.csproj", "{63F31F7D-16C4-477C-866B-3A1B6BCA7F0A}"
EndProject
Global
	GlobalSection(SolutionConfigurationPlatforms) = preSolution
		Debug|Any CPU = Debug|Any CPU
		Release|Any CPU = Release|Any CPU
	EndGlobalSection
	GlobalSection(ProjectConfigurationPlatforms) = postSolution
		{63F31F7D-16C4-477C-866B-3A1B6BCA7F0A}.Debug|Any CPU.ActiveCfg = Debug|Any CPU
		{63F31F7D-16C4-477C-866B-3A1B6BCA7F0A}.Debug|Any CPU.Build.0 = Debug|Any CPU
		{63F31F7D-16C4-477C-866B-3A1B6BCA7F0A}.Release|Any CPU.ActiveCfg = Release|Any CPU
		{63F31F7D-16C4-477C-866B-3A1B6BCA7F0A}.Release|Any CPU.Build.0 = Release|Any CPU
	EndGlobalSection
	GlobalSection(SolutionProperties) = preSolution
		HideSolutionNode = FALSE
	EndGlobalSection
	GlobalSection(ExtensibilityGlobals) = postSolution
		SolutionGuid = {0D397873-BC5C-4E9F-A154-959FBCA60A4C}
	EndGlobalSection
EndGlobal
